// !$*UTF8*$!
{
	archiveVersion = 1;
	classes = {
	};
	objectVersion = 56;
	objects = {

/* Begin PBXBuildFile section */
		90BEF87B2BD1A92D0093C814 /* PathPrizeApp.swift in Sources */ = {isa = PBXBuildFile; fileRef = 90BEF87A2BD1A92D0093C814 /* PathPrizeApp.swift */; };
		90BEF87D2BD1A92D0093C814 /* ContentView.swift in Sources */ = {isa = PBXBuildFile; fileRef = 90BEF87C2BD1A92D0093C814 /* ContentView.swift */; };
		90BEF87F2BD1A92E0093C814 /* Assets.xcassets in Resources */ = {isa = PBXBuildFile; fileRef = 90BEF87E2BD1A92E0093C814 /* Assets.xcassets */; };
		90BEF8822BD1A92E0093C814 /* Preview Assets.xcassets in Resources */ = {isa = PBXBuildFile; fileRef = 90BEF8812BD1A92E0093C814 /* Preview Assets.xcassets */; };
		90BEF88C2BD1A92F0093C814 /* PathPrizeTests.swift in Sources */ = {isa = PBXBuildFile; fileRef = 90BEF88B2BD1A92F0093C814 /* PathPrizeTests.swift */; };
		90BEF8962BD1A92F0093C814 /* PathPrizeUITests.swift in Sources */ = {isa = PBXBuildFile; fileRef = 90BEF8952BD1A92F0093C814 /* PathPrizeUITests.swift */; };
		90BEF8982BD1A92F0093C814 /* PathPrizeUITestsLaunchTests.swift in Sources */ = {isa = PBXBuildFile; fileRef = 90BEF8972BD1A92F0093C814 /* PathPrizeUITestsLaunchTests.swift */; };
		F215E2162BD1B58700687F10 /* ShopsOnboarding.swift in Sources */ = {isa = PBXBuildFile; fileRef = F215E2152BD1B58700687F10 /* ShopsOnboarding.swift */; };
		F215E2182BD1C69100687F10 /* Settings.swift in Sources */ = {isa = PBXBuildFile; fileRef = F215E2172BD1C69100687F10 /* Settings.swift */; };
		F215E21A2BD1C9A700687F10 /* Notifications.swift in Sources */ = {isa = PBXBuildFile; fileRef = F215E2192BD1C9A700687F10 /* Notifications.swift */; };
		F215E21C2BD1C9CF00687F10 /* DateHelper.swift in Sources */ = {isa = PBXBuildFile; fileRef = F215E21B2BD1C9CF00687F10 /* DateHelper.swift */; };
		F2806A712BD6F35B005FFC15 /* LocationManager.swift in Sources */ = {isa = PBXBuildFile; fileRef = F2806A702BD6F35B005FFC15 /* LocationManager.swift */; };
		F2806A732BD6F42E005FFC15 /* locationCoordinateExtension.swift in Sources */ = {isa = PBXBuildFile; fileRef = F2806A722BD6F42E005FFC15 /* locationCoordinateExtension.swift */; };
		F2806A752BD6F565005FFC15 /* MapOptions.swift in Sources */ = {isa = PBXBuildFile; fileRef = F2806A742BD6F565005FFC15 /* MapOptions.swift */; };
		F2806A772BD702C1005FFC15 /* MKCoordinateRegionExtension.swift in Sources */ = {isa = PBXBuildFile; fileRef = F2806A762BD702C1005FFC15 /* MKCoordinateRegionExtension.swift */; };
		F2806A7A2BD768BA005FFC15 /* MapUtilities.swift in Sources */ = {isa = PBXBuildFile; fileRef = F2806A792BD768BA005FFC15 /* MapUtilities.swift */; };
		F2806A7E2BD78088005FFC15 /* SearchOptionsView.swift in Sources */ = {isa = PBXBuildFile; fileRef = F2806A7D2BD78088005FFC15 /* SearchOptionsView.swift */; };
		F2806A812BD780AF005FFC15 /* PlaceView.swift in Sources */ = {isa = PBXBuildFile; fileRef = F2806A802BD780AF005FFC15 /* PlaceView.swift */; };
		F2806A832BD781F1005FFC15 /* SearchBarView.swift in Sources */ = {isa = PBXBuildFile; fileRef = F2806A822BD781F1005FFC15 /* SearchBarView.swift */; };
		F2806A852BD78206005FFC15 /* PlaceListView.swift in Sources */ = {isa = PBXBuildFile; fileRef = F2806A842BD78206005FFC15 /* PlaceListView.swift */; };
		F2806A872BD7821E005FFC15 /* SelectedPlaceDetailView.swift in Sources */ = {isa = PBXBuildFile; fileRef = F2806A862BD7821E005FFC15 /* SelectedPlaceDetailView.swift */; };
		F2806A8B2BD78289005FFC15 /* MeasurementFormatter.swift in Sources */ = {isa = PBXBuildFile; fileRef = F2806A8A2BD78289005FFC15 /* MeasurementFormatter.swift */; };
		F2806A8D2BD783A0005FFC15 /* PreviewData.swift in Sources */ = {isa = PBXBuildFile; fileRef = F2806A8C2BD783A0005FFC15 /* PreviewData.swift */; };
/* End PBXBuildFile section */

/* Begin PBXContainerItemProxy section */
		90BEF8882BD1A92F0093C814 /* PBXContainerItemProxy */ = {
			isa = PBXContainerItemProxy;
			containerPortal = 90BEF86F2BD1A92D0093C814 /* Project object */;
			proxyType = 1;
			remoteGlobalIDString = 90BEF8762BD1A92D0093C814;
			remoteInfo = PathPrize;
		};
		90BEF8922BD1A92F0093C814 /* PBXContainerItemProxy */ = {
			isa = PBXContainerItemProxy;
			containerPortal = 90BEF86F2BD1A92D0093C814 /* Project object */;
			proxyType = 1;
			remoteGlobalIDString = 90BEF8762BD1A92D0093C814;
			remoteInfo = PathPrize;
		};
/* End PBXContainerItemProxy section */

/* Begin PBXFileReference section */
		90BEF8772BD1A92D0093C814 /* PathPrize.app */ = {isa = PBXFileReference; explicitFileType = wrapper.application; includeInIndex = 0; path = PathPrize.app; sourceTree = BUILT_PRODUCTS_DIR; };
		90BEF87A2BD1A92D0093C814 /* PathPrizeApp.swift */ = {isa = PBXFileReference; lastKnownFileType = sourcecode.swift; path = PathPrizeApp.swift; sourceTree = "<group>"; };
		90BEF87C2BD1A92D0093C814 /* ContentView.swift */ = {isa = PBXFileReference; lastKnownFileType = sourcecode.swift; path = ContentView.swift; sourceTree = "<group>"; };
		90BEF87E2BD1A92E0093C814 /* Assets.xcassets */ = {isa = PBXFileReference; lastKnownFileType = folder.assetcatalog; path = Assets.xcassets; sourceTree = "<group>"; };
		90BEF8812BD1A92E0093C814 /* Preview Assets.xcassets */ = {isa = PBXFileReference; lastKnownFileType = folder.assetcatalog; path = "Preview Assets.xcassets"; sourceTree = "<group>"; };
		90BEF8872BD1A92F0093C814 /* PathPrizeTests.xctest */ = {isa = PBXFileReference; explicitFileType = wrapper.cfbundle; includeInIndex = 0; path = PathPrizeTests.xctest; sourceTree = BUILT_PRODUCTS_DIR; };
		90BEF88B2BD1A92F0093C814 /* PathPrizeTests.swift */ = {isa = PBXFileReference; lastKnownFileType = sourcecode.swift; path = PathPrizeTests.swift; sourceTree = "<group>"; };
		90BEF8912BD1A92F0093C814 /* PathPrizeUITests.xctest */ = {isa = PBXFileReference; explicitFileType = wrapper.cfbundle; includeInIndex = 0; path = PathPrizeUITests.xctest; sourceTree = BUILT_PRODUCTS_DIR; };
		90BEF8952BD1A92F0093C814 /* PathPrizeUITests.swift */ = {isa = PBXFileReference; lastKnownFileType = sourcecode.swift; path = PathPrizeUITests.swift; sourceTree = "<group>"; };
		90BEF8972BD1A92F0093C814 /* PathPrizeUITestsLaunchTests.swift */ = {isa = PBXFileReference; lastKnownFileType = sourcecode.swift; path = PathPrizeUITestsLaunchTests.swift; sourceTree = "<group>"; };
		F215E2152BD1B58700687F10 /* ShopsOnboarding.swift */ = {isa = PBXFileReference; lastKnownFileType = sourcecode.swift; path = ShopsOnboarding.swift; sourceTree = "<group>"; };
		F215E2172BD1C69100687F10 /* Settings.swift */ = {isa = PBXFileReference; lastKnownFileType = sourcecode.swift; path = Settings.swift; sourceTree = "<group>"; };
		F215E2192BD1C9A700687F10 /* Notifications.swift */ = {isa = PBXFileReference; lastKnownFileType = sourcecode.swift; path = Notifications.swift; sourceTree = "<group>"; };
		F215E21B2BD1C9CF00687F10 /* DateHelper.swift */ = {isa = PBXFileReference; lastKnownFileType = sourcecode.swift; path = DateHelper.swift; sourceTree = "<group>"; };
		F2806A702BD6F35B005FFC15 /* LocationManager.swift */ = {isa = PBXFileReference; lastKnownFileType = sourcecode.swift; path = LocationManager.swift; sourceTree = "<group>"; };
		F2806A722BD6F42E005FFC15 /* locationCoordinateExtension.swift */ = {isa = PBXFileReference; lastKnownFileType = sourcecode.swift; path = locationCoordinateExtension.swift; sourceTree = "<group>"; };
		F2806A742BD6F565005FFC15 /* MapOptions.swift */ = {isa = PBXFileReference; lastKnownFileType = sourcecode.swift; path = MapOptions.swift; sourceTree = "<group>"; };
		F2806A762BD702C1005FFC15 /* MKCoordinateRegionExtension.swift */ = {isa = PBXFileReference; lastKnownFileType = sourcecode.swift; path = MKCoordinateRegionExtension.swift; sourceTree = "<group>"; };
		F2806A792BD768BA005FFC15 /* MapUtilities.swift */ = {isa = PBXFileReference; lastKnownFileType = sourcecode.swift; path = MapUtilities.swift; sourceTree = "<group>"; };
		F2806A7D2BD78088005FFC15 /* SearchOptionsView.swift */ = {isa = PBXFileReference; lastKnownFileType = sourcecode.swift; path = SearchOptionsView.swift; sourceTree = "<group>"; };
		F2806A802BD780AF005FFC15 /* PlaceView.swift */ = {isa = PBXFileReference; lastKnownFileType = sourcecode.swift; path = PlaceView.swift; sourceTree = "<group>"; };
		F2806A822BD781F1005FFC15 /* SearchBarView.swift */ = {isa = PBXFileReference; lastKnownFileType = sourcecode.swift; path = SearchBarView.swift; sourceTree = "<group>"; };
		F2806A842BD78206005FFC15 /* PlaceListView.swift */ = {isa = PBXFileReference; lastKnownFileType = sourcecode.swift; path = PlaceListView.swift; sourceTree = "<group>"; };
		F2806A862BD7821E005FFC15 /* SelectedPlaceDetailView.swift */ = {isa = PBXFileReference; lastKnownFileType = sourcecode.swift; path = SelectedPlaceDetailView.swift; sourceTree = "<group>"; };
		F2806A8A2BD78289005FFC15 /* MeasurementFormatter.swift */ = {isa = PBXFileReference; lastKnownFileType = sourcecode.swift; path = MeasurementFormatter.swift; sourceTree = "<group>"; };
		F2806A8C2BD783A0005FFC15 /* PreviewData.swift */ = {isa = PBXFileReference; lastKnownFileType = sourcecode.swift; path = PreviewData.swift; sourceTree = "<group>"; };
/* End PBXFileReference section */

/* Begin PBXFrameworksBuildPhase section */
		90BEF8742BD1A92D0093C814 /* Frameworks */ = {
			isa = PBXFrameworksBuildPhase;
			buildActionMask = 2147483647;
			files = (
			);
			runOnlyForDeploymentPostprocessing = 0;
		};
		90BEF8842BD1A92F0093C814 /* Frameworks */ = {
			isa = PBXFrameworksBuildPhase;
			buildActionMask = 2147483647;
			files = (
			);
			runOnlyForDeploymentPostprocessing = 0;
		};
		90BEF88E2BD1A92F0093C814 /* Frameworks */ = {
			isa = PBXFrameworksBuildPhase;
			buildActionMask = 2147483647;
			files = (
			);
			runOnlyForDeploymentPostprocessing = 0;
		};
/* End PBXFrameworksBuildPhase section */

/* Begin PBXGroup section */
		90BEF86E2BD1A92D0093C814 = {
			isa = PBXGroup;
			children = (
				90BEF8792BD1A92D0093C814 /* PathPrize */,
				90BEF88A2BD1A92F0093C814 /* PathPrizeTests */,
				90BEF8942BD1A92F0093C814 /* PathPrizeUITests */,
				90BEF8782BD1A92D0093C814 /* Products */,
			);
			sourceTree = "<group>";
		};
		90BEF8782BD1A92D0093C814 /* Products */ = {
			isa = PBXGroup;
			children = (
				90BEF8772BD1A92D0093C814 /* PathPrize.app */,
				90BEF8872BD1A92F0093C814 /* PathPrizeTests.xctest */,
				90BEF8912BD1A92F0093C814 /* PathPrizeUITests.xctest */,
			);
			name = Products;
			sourceTree = "<group>";
		};
		90BEF8792BD1A92D0093C814 /* PathPrize */ = {
			isa = PBXGroup;
			children = (
				F2806A782BD75936005FFC15 /* Map */,
				F215E2152BD1B58700687F10 /* ShopsOnboarding.swift */,
				F215E2172BD1C69100687F10 /* Settings.swift */,
				F215E2192BD1C9A700687F10 /* Notifications.swift */,
				F215E21B2BD1C9CF00687F10 /* DateHelper.swift */,
				90BEF87A2BD1A92D0093C814 /* PathPrizeApp.swift */,
				90BEF87C2BD1A92D0093C814 /* ContentView.swift */,
				90BEF87E2BD1A92E0093C814 /* Assets.xcassets */,
				90BEF8802BD1A92E0093C814 /* Preview Content */,
			);
			path = PathPrize;
			sourceTree = "<group>";
		};
		90BEF8802BD1A92E0093C814 /* Preview Content */ = {
			isa = PBXGroup;
			children = (
				90BEF8812BD1A92E0093C814 /* Preview Assets.xcassets */,
				F2806A8C2BD783A0005FFC15 /* PreviewData.swift */,
			);
			path = "Preview Content";
			sourceTree = "<group>";
		};
		90BEF88A2BD1A92F0093C814 /* PathPrizeTests */ = {
			isa = PBXGroup;
			children = (
				90BEF88B2BD1A92F0093C814 /* PathPrizeTests.swift */,
			);
			path = PathPrizeTests;
			sourceTree = "<group>";
		};
		90BEF8942BD1A92F0093C814 /* PathPrizeUITests */ = {
			isa = PBXGroup;
			children = (
				90BEF8952BD1A92F0093C814 /* PathPrizeUITests.swift */,
				90BEF8972BD1A92F0093C814 /* PathPrizeUITestsLaunchTests.swift */,
			);
			path = PathPrizeUITests;
			sourceTree = "<group>";
		};
		F2806A782BD75936005FFC15 /* Map */ = {
			isa = PBXGroup;
			children = (
				F2806A892BD78257005FFC15 /* Extensions */,
				F2806A882BD78232005FFC15 /* Utils */,
				F2806A7F2BD78094005FFC15 /* Views */,
				F2806A702BD6F35B005FFC15 /* LocationManager.swift */,
				F2806A742BD6F565005FFC15 /* MapOptions.swift */,
			);
			path = Map;
			sourceTree = "<group>";
		};
		F2806A7F2BD78094005FFC15 /* Views */ = {
			isa = PBXGroup;
			children = (
				F2806A7D2BD78088005FFC15 /* SearchOptionsView.swift */,
				F2806A802BD780AF005FFC15 /* PlaceView.swift */,
				F2806A822BD781F1005FFC15 /* SearchBarView.swift */,
				F2806A842BD78206005FFC15 /* PlaceListView.swift */,
				F2806A862BD7821E005FFC15 /* SelectedPlaceDetailView.swift */,
			);
			path = Views;
			sourceTree = "<group>";
		};
		F2806A882BD78232005FFC15 /* Utils */ = {
			isa = PBXGroup;
			children = (
				F2806A792BD768BA005FFC15 /* MapUtilities.swift */,
			);
			path = Utils;
			sourceTree = "<group>";
		};
		F2806A892BD78257005FFC15 /* Extensions */ = {
			isa = PBXGroup;
			children = (
				F2806A722BD6F42E005FFC15 /* locationCoordinateExtension.swift */,
				F2806A762BD702C1005FFC15 /* MKCoordinateRegionExtension.swift */,
				F2806A8A2BD78289005FFC15 /* MeasurementFormatter.swift */,
			);
			path = Extensions;
			sourceTree = "<group>";
		};
/* End PBXGroup section */

/* Begin PBXNativeTarget section */
		90BEF8762BD1A92D0093C814 /* PathPrize */ = {
			isa = PBXNativeTarget;
			buildConfigurationList = 90BEF89B2BD1A92F0093C814 /* Build configuration list for PBXNativeTarget "PathPrize" */;
			buildPhases = (
				90BEF8732BD1A92D0093C814 /* Sources */,
				90BEF8742BD1A92D0093C814 /* Frameworks */,
				90BEF8752BD1A92D0093C814 /* Resources */,
			);
			buildRules = (
			);
			dependencies = (
			);
			name = PathPrize;
			productName = PathPrize;
			productReference = 90BEF8772BD1A92D0093C814 /* PathPrize.app */;
			productType = "com.apple.product-type.application";
		};
		90BEF8862BD1A92F0093C814 /* PathPrizeTests */ = {
			isa = PBXNativeTarget;
			buildConfigurationList = 90BEF89E2BD1A92F0093C814 /* Build configuration list for PBXNativeTarget "PathPrizeTests" */;
			buildPhases = (
				90BEF8832BD1A92F0093C814 /* Sources */,
				90BEF8842BD1A92F0093C814 /* Frameworks */,
				90BEF8852BD1A92F0093C814 /* Resources */,
			);
			buildRules = (
			);
			dependencies = (
				90BEF8892BD1A92F0093C814 /* PBXTargetDependency */,
			);
			name = PathPrizeTests;
			productName = PathPrizeTests;
			productReference = 90BEF8872BD1A92F0093C814 /* PathPrizeTests.xctest */;
			productType = "com.apple.product-type.bundle.unit-test";
		};
		90BEF8902BD1A92F0093C814 /* PathPrizeUITests */ = {
			isa = PBXNativeTarget;
			buildConfigurationList = 90BEF8A12BD1A92F0093C814 /* Build configuration list for PBXNativeTarget "PathPrizeUITests" */;
			buildPhases = (
				90BEF88D2BD1A92F0093C814 /* Sources */,
				90BEF88E2BD1A92F0093C814 /* Frameworks */,
				90BEF88F2BD1A92F0093C814 /* Resources */,
			);
			buildRules = (
			);
			dependencies = (
				90BEF8932BD1A92F0093C814 /* PBXTargetDependency */,
			);
			name = PathPrizeUITests;
			productName = PathPrizeUITests;
			productReference = 90BEF8912BD1A92F0093C814 /* PathPrizeUITests.xctest */;
			productType = "com.apple.product-type.bundle.ui-testing";
		};
/* End PBXNativeTarget section */

/* Begin PBXProject section */
		90BEF86F2BD1A92D0093C814 /* Project object */ = {
			isa = PBXProject;
			attributes = {
				BuildIndependentTargetsInParallel = 1;
				LastSwiftUpdateCheck = 1500;
				LastUpgradeCheck = 1500;
				TargetAttributes = {
					90BEF8762BD1A92D0093C814 = {
						CreatedOnToolsVersion = 15.0.1;
					};
					90BEF8862BD1A92F0093C814 = {
						CreatedOnToolsVersion = 15.0.1;
						TestTargetID = 90BEF8762BD1A92D0093C814;
					};
					90BEF8902BD1A92F0093C814 = {
						CreatedOnToolsVersion = 15.0.1;
						TestTargetID = 90BEF8762BD1A92D0093C814;
					};
				};
			};
			buildConfigurationList = 90BEF8722BD1A92D0093C814 /* Build configuration list for PBXProject "PathPrize" */;
			compatibilityVersion = "Xcode 14.0";
			developmentRegion = en;
			hasScannedForEncodings = 0;
			knownRegions = (
				en,
				Base,
			);
			mainGroup = 90BEF86E2BD1A92D0093C814;
			productRefGroup = 90BEF8782BD1A92D0093C814 /* Products */;
			projectDirPath = "";
			projectRoot = "";
			targets = (
				90BEF8762BD1A92D0093C814 /* PathPrize */,
				90BEF8862BD1A92F0093C814 /* PathPrizeTests */,
				90BEF8902BD1A92F0093C814 /* PathPrizeUITests */,
			);
		};
/* End PBXProject section */

/* Begin PBXResourcesBuildPhase section */
		90BEF8752BD1A92D0093C814 /* Resources */ = {
			isa = PBXResourcesBuildPhase;
			buildActionMask = 2147483647;
			files = (
				90BEF8822BD1A92E0093C814 /* Preview Assets.xcassets in Resources */,
				90BEF87F2BD1A92E0093C814 /* Assets.xcassets in Resources */,
			);
			runOnlyForDeploymentPostprocessing = 0;
		};
		90BEF8852BD1A92F0093C814 /* Resources */ = {
			isa = PBXResourcesBuildPhase;
			buildActionMask = 2147483647;
			files = (
			);
			runOnlyForDeploymentPostprocessing = 0;
		};
		90BEF88F2BD1A92F0093C814 /* Resources */ = {
			isa = PBXResourcesBuildPhase;
			buildActionMask = 2147483647;
			files = (
			);
			runOnlyForDeploymentPostprocessing = 0;
		};
/* End PBXResourcesBuildPhase section */

/* Begin PBXSourcesBuildPhase section */
		90BEF8732BD1A92D0093C814 /* Sources */ = {
			isa = PBXSourcesBuildPhase;
			buildActionMask = 2147483647;
			files = (
				F2806A7E2BD78088005FFC15 /* SearchOptionsView.swift in Sources */,
				F2806A7A2BD768BA005FFC15 /* MapUtilities.swift in Sources */,
				F215E21A2BD1C9A700687F10 /* Notifications.swift in Sources */,
				F215E2162BD1B58700687F10 /* ShopsOnboarding.swift in Sources */,
				F2806A872BD7821E005FFC15 /* SelectedPlaceDetailView.swift in Sources */,
				90BEF87D2BD1A92D0093C814 /* ContentView.swift in Sources */,
				F2806A812BD780AF005FFC15 /* PlaceView.swift in Sources */,
				F2806A712BD6F35B005FFC15 /* LocationManager.swift in Sources */,
				F215E21C2BD1C9CF00687F10 /* DateHelper.swift in Sources */,
				F2806A772BD702C1005FFC15 /* MKCoordinateRegionExtension.swift in Sources */,
				F215E2182BD1C69100687F10 /* Settings.swift in Sources */,
				F2806A832BD781F1005FFC15 /* SearchBarView.swift in Sources */,
				F2806A732BD6F42E005FFC15 /* locationCoordinateExtension.swift in Sources */,
				F2806A852BD78206005FFC15 /* PlaceListView.swift in Sources */,
				F2806A8D2BD783A0005FFC15 /* PreviewData.swift in Sources */,
				F2806A8B2BD78289005FFC15 /* MeasurementFormatter.swift in Sources */,
				90BEF87B2BD1A92D0093C814 /* PathPrizeApp.swift in Sources */,
				F2806A752BD6F565005FFC15 /* MapOptions.swift in Sources */,
			);
			runOnlyForDeploymentPostprocessing = 0;
		};
		90BEF8832BD1A92F0093C814 /* Sources */ = {
			isa = PBXSourcesBuildPhase;
			buildActionMask = 2147483647;
			files = (
				90BEF88C2BD1A92F0093C814 /* PathPrizeTests.swift in Sources */,
			);
			runOnlyForDeploymentPostprocessing = 0;
		};
		90BEF88D2BD1A92F0093C814 /* Sources */ = {
			isa = PBXSourcesBuildPhase;
			buildActionMask = 2147483647;
			files = (
				90BEF8982BD1A92F0093C814 /* PathPrizeUITestsLaunchTests.swift in Sources */,
				90BEF8962BD1A92F0093C814 /* PathPrizeUITests.swift in Sources */,
			);
			runOnlyForDeploymentPostprocessing = 0;
		};
/* End PBXSourcesBuildPhase section */

/* Begin PBXTargetDependency section */
		90BEF8892BD1A92F0093C814 /* PBXTargetDependency */ = {
			isa = PBXTargetDependency;
			target = 90BEF8762BD1A92D0093C814 /* PathPrize */;
			targetProxy = 90BEF8882BD1A92F0093C814 /* PBXContainerItemProxy */;
		};
		90BEF8932BD1A92F0093C814 /* PBXTargetDependency */ = {
			isa = PBXTargetDependency;
			target = 90BEF8762BD1A92D0093C814 /* PathPrize */;
			targetProxy = 90BEF8922BD1A92F0093C814 /* PBXContainerItemProxy */;
		};
/* End PBXTargetDependency section */

/* Begin XCBuildConfiguration section */
		90BEF8992BD1A92F0093C814 /* Debug */ = {
			isa = XCBuildConfiguration;
			buildSettings = {
				ALWAYS_SEARCH_USER_PATHS = NO;
				ASSETCATALOG_COMPILER_GENERATE_SWIFT_ASSET_SYMBOL_EXTENSIONS = YES;
				CLANG_ANALYZER_NONNULL = YES;
				CLANG_ANALYZER_NUMBER_OBJECT_CONVERSION = YES_AGGRESSIVE;
				CLANG_CXX_LANGUAGE_STANDARD = "gnu++20";
				CLANG_ENABLE_MODULES = YES;
				CLANG_ENABLE_OBJC_ARC = YES;
				CLANG_ENABLE_OBJC_WEAK = YES;
				CLANG_WARN_BLOCK_CAPTURE_AUTORELEASING = YES;
				CLANG_WARN_BOOL_CONVERSION = YES;
				CLANG_WARN_COMMA = YES;
				CLANG_WARN_CONSTANT_CONVERSION = YES;
				CLANG_WARN_DEPRECATED_OBJC_IMPLEMENTATIONS = YES;
				CLANG_WARN_DIRECT_OBJC_ISA_USAGE = YES_ERROR;
				CLANG_WARN_DOCUMENTATION_COMMENTS = YES;
				CLANG_WARN_EMPTY_BODY = YES;
				CLANG_WARN_ENUM_CONVERSION = YES;
				CLANG_WARN_INFINITE_RECURSION = YES;
				CLANG_WARN_INT_CONVERSION = YES;
				CLANG_WARN_NON_LITERAL_NULL_CONVERSION = YES;
				CLANG_WARN_OBJC_IMPLICIT_RETAIN_SELF = YES;
				CLANG_WARN_OBJC_LITERAL_CONVERSION = YES;
				CLANG_WARN_OBJC_ROOT_CLASS = YES_ERROR;
				CLANG_WARN_QUOTED_INCLUDE_IN_FRAMEWORK_HEADER = YES;
				CLANG_WARN_RANGE_LOOP_ANALYSIS = YES;
				CLANG_WARN_STRICT_PROTOTYPES = YES;
				CLANG_WARN_SUSPICIOUS_MOVE = YES;
				CLANG_WARN_UNGUARDED_AVAILABILITY = YES_AGGRESSIVE;
				CLANG_WARN_UNREACHABLE_CODE = YES;
				CLANG_WARN__DUPLICATE_METHOD_MATCH = YES;
				COPY_PHASE_STRIP = NO;
				DEBUG_INFORMATION_FORMAT = dwarf;
				ENABLE_STRICT_OBJC_MSGSEND = YES;
				ENABLE_TESTABILITY = YES;
				ENABLE_USER_SCRIPT_SANDBOXING = YES;
				GCC_C_LANGUAGE_STANDARD = gnu17;
				GCC_DYNAMIC_NO_PIC = NO;
				GCC_NO_COMMON_BLOCKS = YES;
				GCC_OPTIMIZATION_LEVEL = 0;
				GCC_PREPROCESSOR_DEFINITIONS = (
					"DEBUG=1",
					"$(inherited)",
				);
				GCC_WARN_64_TO_32_BIT_CONVERSION = YES;
				GCC_WARN_ABOUT_RETURN_TYPE = YES_ERROR;
				GCC_WARN_UNDECLARED_SELECTOR = YES;
				GCC_WARN_UNINITIALIZED_AUTOS = YES_AGGRESSIVE;
				GCC_WARN_UNUSED_FUNCTION = YES;
				GCC_WARN_UNUSED_VARIABLE = YES;
				IPHONEOS_DEPLOYMENT_TARGET = 17.0;
				LOCALIZATION_PREFERS_STRING_CATALOGS = YES;
				MTL_ENABLE_DEBUG_INFO = INCLUDE_SOURCE;
				MTL_FAST_MATH = YES;
				ONLY_ACTIVE_ARCH = YES;
				SDKROOT = iphoneos;
				SWIFT_ACTIVE_COMPILATION_CONDITIONS = "DEBUG $(inherited)";
				SWIFT_OPTIMIZATION_LEVEL = "-Onone";
			};
			name = Debug;
		};
		90BEF89A2BD1A92F0093C814 /* Release */ = {
			isa = XCBuildConfiguration;
			buildSettings = {
				ALWAYS_SEARCH_USER_PATHS = NO;
				ASSETCATALOG_COMPILER_GENERATE_SWIFT_ASSET_SYMBOL_EXTENSIONS = YES;
				CLANG_ANALYZER_NONNULL = YES;
				CLANG_ANALYZER_NUMBER_OBJECT_CONVERSION = YES_AGGRESSIVE;
				CLANG_CXX_LANGUAGE_STANDARD = "gnu++20";
				CLANG_ENABLE_MODULES = YES;
				CLANG_ENABLE_OBJC_ARC = YES;
				CLANG_ENABLE_OBJC_WEAK = YES;
				CLANG_WARN_BLOCK_CAPTURE_AUTORELEASING = YES;
				CLANG_WARN_BOOL_CONVERSION = YES;
				CLANG_WARN_COMMA = YES;
				CLANG_WARN_CONSTANT_CONVERSION = YES;
				CLANG_WARN_DEPRECATED_OBJC_IMPLEMENTATIONS = YES;
				CLANG_WARN_DIRECT_OBJC_ISA_USAGE = YES_ERROR;
				CLANG_WARN_DOCUMENTATION_COMMENTS = YES;
				CLANG_WARN_EMPTY_BODY = YES;
				CLANG_WARN_ENUM_CONVERSION = YES;
				CLANG_WARN_INFINITE_RECURSION = YES;
				CLANG_WARN_INT_CONVERSION = YES;
				CLANG_WARN_NON_LITERAL_NULL_CONVERSION = YES;
				CLANG_WARN_OBJC_IMPLICIT_RETAIN_SELF = YES;
				CLANG_WARN_OBJC_LITERAL_CONVERSION = YES;
				CLANG_WARN_OBJC_ROOT_CLASS = YES_ERROR;
				CLANG_WARN_QUOTED_INCLUDE_IN_FRAMEWORK_HEADER = YES;
				CLANG_WARN_RANGE_LOOP_ANALYSIS = YES;
				CLANG_WARN_STRICT_PROTOTYPES = YES;
				CLANG_WARN_SUSPICIOUS_MOVE = YES;
				CLANG_WARN_UNGUARDED_AVAILABILITY = YES_AGGRESSIVE;
				CLANG_WARN_UNREACHABLE_CODE = YES;
				CLANG_WARN__DUPLICATE_METHOD_MATCH = YES;
				COPY_PHASE_STRIP = NO;
				DEBUG_INFORMATION_FORMAT = "dwarf-with-dsym";
				ENABLE_NS_ASSERTIONS = NO;
				ENABLE_STRICT_OBJC_MSGSEND = YES;
				ENABLE_USER_SCRIPT_SANDBOXING = YES;
				GCC_C_LANGUAGE_STANDARD = gnu17;
				GCC_NO_COMMON_BLOCKS = YES;
				GCC_WARN_64_TO_32_BIT_CONVERSION = YES;
				GCC_WARN_ABOUT_RETURN_TYPE = YES_ERROR;
				GCC_WARN_UNDECLARED_SELECTOR = YES;
				GCC_WARN_UNINITIALIZED_AUTOS = YES_AGGRESSIVE;
				GCC_WARN_UNUSED_FUNCTION = YES;
				GCC_WARN_UNUSED_VARIABLE = YES;
				IPHONEOS_DEPLOYMENT_TARGET = 17.0;
				LOCALIZATION_PREFERS_STRING_CATALOGS = YES;
				MTL_ENABLE_DEBUG_INFO = NO;
				MTL_FAST_MATH = YES;
				SDKROOT = iphoneos;
				SWIFT_COMPILATION_MODE = wholemodule;
				VALIDATE_PRODUCT = YES;
			};
			name = Release;
		};
		90BEF89C2BD1A92F0093C814 /* Debug */ = {
			isa = XCBuildConfiguration;
			buildSettings = {
				ASSETCATALOG_COMPILER_APPICON_NAME = AppIcon;
				ASSETCATALOG_COMPILER_GLOBAL_ACCENT_COLOR_NAME = AccentColor;
				CODE_SIGN_STYLE = Automatic;
				CURRENT_PROJECT_VERSION = 1;
				DEVELOPMENT_ASSET_PATHS = "\"PathPrize/Preview Content\"";
				DEVELOPMENT_TEAM = QAYV888PZM;
				ENABLE_PREVIEWS = YES;
				GENERATE_INFOPLIST_FILE = YES;
				INFOPLIST_KEY_NSLocationAlwaysAndWhenInUseUsageDescription = "We need location permission to track the movement in the background.";
				INFOPLIST_KEY_NSLocationWhenInUseUsageDescription = "We need location permission to track the movement.";
				INFOPLIST_KEY_UIApplicationSceneManifest_Generation = YES;
				INFOPLIST_KEY_UIApplicationSupportsIndirectInputEvents = YES;
				INFOPLIST_KEY_UILaunchScreen_Generation = YES;
				INFOPLIST_KEY_UISupportedInterfaceOrientations_iPad = "UIInterfaceOrientationPortrait UIInterfaceOrientationPortraitUpsideDown UIInterfaceOrientationLandscapeLeft UIInterfaceOrientationLandscapeRight";
				INFOPLIST_KEY_UISupportedInterfaceOrientations_iPhone = "UIInterfaceOrientationPortrait UIInterfaceOrientationLandscapeLeft UIInterfaceOrientationLandscapeRight";
				LD_RUNPATH_SEARCH_PATHS = (
					"$(inherited)",
					"@executable_path/Frameworks",
				);
				MARKETING_VERSION = 1.0;
				PRODUCT_BUNDLE_IDENTIFIER = pathprize.PathPrize.babu;
				PRODUCT_NAME = "$(TARGET_NAME)";
				SWIFT_EMIT_LOC_STRINGS = YES;
				SWIFT_VERSION = 5.0;
				TARGETED_DEVICE_FAMILY = "1,2";
			};
			name = Debug;
		};
		90BEF89D2BD1A92F0093C814 /* Release */ = {
			isa = XCBuildConfiguration;
			buildSettings = {
				ASSETCATALOG_COMPILER_APPICON_NAME = AppIcon;
				ASSETCATALOG_COMPILER_GLOBAL_ACCENT_COLOR_NAME = AccentColor;
				CODE_SIGN_STYLE = Automatic;
				CURRENT_PROJECT_VERSION = 1;
				DEVELOPMENT_ASSET_PATHS = "\"PathPrize/Preview Content\"";
				DEVELOPMENT_TEAM = QAYV888PZM;
				ENABLE_PREVIEWS = YES;
				GENERATE_INFOPLIST_FILE = YES;
				INFOPLIST_KEY_NSLocationAlwaysAndWhenInUseUsageDescription = "We need location permission to track the movement in the background.";
				INFOPLIST_KEY_NSLocationWhenInUseUsageDescription = "We need location permission to track the movement.";
				INFOPLIST_KEY_UIApplicationSceneManifest_Generation = YES;
				INFOPLIST_KEY_UIApplicationSupportsIndirectInputEvents = YES;
				INFOPLIST_KEY_UILaunchScreen_Generation = YES;
				INFOPLIST_KEY_UISupportedInterfaceOrientations_iPad = "UIInterfaceOrientationPortrait UIInterfaceOrientationPortraitUpsideDown UIInterfaceOrientationLandscapeLeft UIInterfaceOrientationLandscapeRight";
				INFOPLIST_KEY_UISupportedInterfaceOrientations_iPhone = "UIInterfaceOrientationPortrait UIInterfaceOrientationLandscapeLeft UIInterfaceOrientationLandscapeRight";
				LD_RUNPATH_SEARCH_PATHS = (
					"$(inherited)",
					"@executable_path/Frameworks",
				);
				MARKETING_VERSION = 1.0;
				PRODUCT_BUNDLE_IDENTIFIER = pathprize.PathPrize.babu;
				PRODUCT_NAME = "$(TARGET_NAME)";
				SWIFT_EMIT_LOC_STRINGS = YES;
				SWIFT_VERSION = 5.0;
				TARGETED_DEVICE_FAMILY = "1,2";
			};
			name = Release;
		};
		90BEF89F2BD1A92F0093C814 /* Debug */ = {
			isa = XCBuildConfiguration;
			buildSettings = {
				ALWAYS_EMBED_SWIFT_STANDARD_LIBRARIES = YES;
				BUNDLE_LOADER = "$(TEST_HOST)";
				CODE_SIGN_STYLE = Automatic;
				CURRENT_PROJECT_VERSION = 1;
				GENERATE_INFOPLIST_FILE = YES;
				IPHONEOS_DEPLOYMENT_TARGET = 17.0;
				MARKETING_VERSION = 1.0;
				PRODUCT_BUNDLE_IDENTIFIER = pathprize.PathPrizeTests;
				PRODUCT_NAME = "$(TARGET_NAME)";
				SWIFT_EMIT_LOC_STRINGS = NO;
				SWIFT_VERSION = 5.0;
				TARGETED_DEVICE_FAMILY = "1,2";
				TEST_HOST = "$(BUILT_PRODUCTS_DIR)/PathPrize.app/$(BUNDLE_EXECUTABLE_FOLDER_PATH)/PathPrize";
			};
			name = Debug;
		};
		90BEF8A02BD1A92F0093C814 /* Release */ = {
			isa = XCBuildConfiguration;
			buildSettings = {
				ALWAYS_EMBED_SWIFT_STANDARD_LIBRARIES = YES;
				BUNDLE_LOADER = "$(TEST_HOST)";
				CODE_SIGN_STYLE = Automatic;
				CURRENT_PROJECT_VERSION = 1;
				GENERATE_INFOPLIST_FILE = YES;
				IPHONEOS_DEPLOYMENT_TARGET = 17.0;
				MARKETING_VERSION = 1.0;
				PRODUCT_BUNDLE_IDENTIFIER = pathprize.PathPrizeTests;
				PRODUCT_NAME = "$(TARGET_NAME)";
				SWIFT_EMIT_LOC_STRINGS = NO;
				SWIFT_VERSION = 5.0;
				TARGETED_DEVICE_FAMILY = "1,2";
				TEST_HOST = "$(BUILT_PRODUCTS_DIR)/PathPrize.app/$(BUNDLE_EXECUTABLE_FOLDER_PATH)/PathPrize";
			};
			name = Release;
		};
		90BEF8A22BD1A92F0093C814 /* Debug */ = {
			isa = XCBuildConfiguration;
			buildSettings = {
				ALWAYS_EMBED_SWIFT_STANDARD_LIBRARIES = YES;
				CODE_SIGN_STYLE = Automatic;
				CURRENT_PROJECT_VERSION = 1;
				GENERATE_INFOPLIST_FILE = YES;
				MARKETING_VERSION = 1.0;
				PRODUCT_BUNDLE_IDENTIFIER = pathprize.PathPrizeUITests;
				PRODUCT_NAME = "$(TARGET_NAME)";
				SWIFT_EMIT_LOC_STRINGS = NO;
				SWIFT_VERSION = 5.0;
				TARGETED_DEVICE_FAMILY = "1,2";
				TEST_TARGET_NAME = PathPrize;
			};
			name = Debug;
		};
		90BEF8A32BD1A92F0093C814 /* Release */ = {
			isa = XCBuildConfiguration;
			buildSettings = {
				ALWAYS_EMBED_SWIFT_STANDARD_LIBRARIES = YES;
				CODE_SIGN_STYLE = Automatic;
				CURRENT_PROJECT_VERSION = 1;
				GENERATE_INFOPLIST_FILE = YES;
				MARKETING_VERSION = 1.0;
				PRODUCT_BUNDLE_IDENTIFIER = pathprize.PathPrizeUITests;
				PRODUCT_NAME = "$(TARGET_NAME)";
				SWIFT_EMIT_LOC_STRINGS = NO;
				SWIFT_VERSION = 5.0;
				TARGETED_DEVICE_FAMILY = "1,2";
				TEST_TARGET_NAME = PathPrize;
			};
			name = Release;
		};
/* End XCBuildConfiguration section */

/* Begin XCConfigurationList section */
		90BEF8722BD1A92D0093C814 /* Build configuration list for PBXProject "PathPrize" */ = {
			isa = XCConfigurationList;
			buildConfigurations = (
				90BEF8992BD1A92F0093C814 /* Debug */,
				90BEF89A2BD1A92F0093C814 /* Release */,
			);
			defaultConfigurationIsVisible = 0;
			defaultConfigurationName = Release;
		};
		90BEF89B2BD1A92F0093C814 /* Build configuration list for PBXNativeTarget "PathPrize" */ = {
			isa = XCConfigurationList;
			buildConfigurations = (
				90BEF89C2BD1A92F0093C814 /* Debug */,
				90BEF89D2BD1A92F0093C814 /* Release */,
			);
			defaultConfigurationIsVisible = 0;
			defaultConfigurationName = Release;
		};
		90BEF89E2BD1A92F0093C814 /* Build configuration list for PBXNativeTarget "PathPrizeTests" */ = {
			isa = XCConfigurationList;
			buildConfigurations = (
				90BEF89F2BD1A92F0093C814 /* Debug */,
				90BEF8A02BD1A92F0093C814 /* Release */,
			);
			defaultConfigurationIsVisible = 0;
			defaultConfigurationName = Release;
		};
		90BEF8A12BD1A92F0093C814 /* Build configuration list for PBXNativeTarget "PathPrizeUITests" */ = {
			isa = XCConfigurationList;
			buildConfigurations = (
				90BEF8A22BD1A92F0093C814 /* Debug */,
				90BEF8A32BD1A92F0093C814 /* Release */,
			);
			defaultConfigurationIsVisible = 0;
			defaultConfigurationName = Release;
		};
/* End XCConfigurationList section */
	};
	rootObject = 90BEF86F2BD1A92D0093C814 /* Project object */;
}
